
Microsoft Visual Studio Solution File, Format Version 11.00
# Visual Studio 2010
# SharpDevelop 5.1
Project("{FAE04EC0-301F-11D3-BF4B-00C04F79EFBC}") = "NetworkStream (Servidor)", "NetworkStream (Servidor)\NetworkStream (Servidor).csproj", "{FEF418BB-BBA7-4BF2-B2BE-6BC6BB742DDB}"
EndProject
Global
	GlobalSection(SolutionConfigurationPlatforms) = preSolution
		Debug|Any CPU = Debug|Any CPU
		Release|Any CPU = Release|Any CPU
	EndGlobalSection
	GlobalSection(ProjectConfigurationPlatforms) = postSolution
		{FEF418BB-BBA7-4BF2-B2BE-6BC6BB742DDB}.Debug|Any CPU.ActiveCfg = Debug|Any CPU
		{FEF418BB-BBA7-4BF2-B2BE-6BC6BB742DDB}.Debug|Any CPU.Build.0 = Debug|Any CPU
		{FEF418BB-BBA7-4BF2-B2BE-6BC6BB742DDB}.Release|Any CPU.ActiveCfg = Release|Any CPU
		{FEF418BB-BBA7-4BF2-B2BE-6BC6BB742DDB}.Release|Any CPU.Build.0 = Release|Any CPU
	EndGlobalSection
EndGlobal
